// !$*UTF8*$!
{
	archiveVersion = 1;
	classes = {
	};
	objectVersion = 56;
	objects = {

/* Begin PBXBuildFile section */
		5422326E2C8DC35A006EA678 /* GridOfGreedWSApp.swift in Sources */ = {isa = PBXBuildFile; fileRef = 5422326D2C8DC35A006EA678 /* GridOfGreedWSApp.swift */; };
		542232702C8DC35A006EA678 /* ContentView.swift in Sources */ = {isa = PBXBuildFile; fileRef = 5422326F2C8DC35A006EA678 /* ContentView.swift */; };
		542232722C8DC35B006EA678 /* Assets.xcassets in Resources */ = {isa = PBXBuildFile; fileRef = 542232712C8DC35B006EA678 /* Assets.xcassets */; };
		542232752C8DC35B006EA678 /* Preview Assets.xcassets in Resources */ = {isa = PBXBuildFile; fileRef = 542232742C8DC35B006EA678 /* Preview Assets.xcassets */; };
		54C905612C8F02EC001920C2 /* NavigationBarTextView.swift in Sources */ = {isa = PBXBuildFile; fileRef = 54C905602C8F02EC001920C2 /* NavigationBarTextView.swift */; };
		54C905642C8F2321001920C2 /* WebSocketManager.swift in Sources */ = {isa = PBXBuildFile; fileRef = 54C905632C8F2321001920C2 /* WebSocketManager.swift */; };
		54C905662C9061A3001920C2 /* Tabs.swift in Sources */ = {isa = PBXBuildFile; fileRef = 54C905652C9061A3001920C2 /* Tabs.swift */; };
		54C905692C906284001920C2 /* TabView.swift in Sources */ = {isa = PBXBuildFile; fileRef = 54C905682C906284001920C2 /* TabView.swift */; };
/* End PBXBuildFile section */

/* Begin PBXFileReference section */
		5422326A2C8DC35A006EA678 /* GridOfGreedWS.app */ = {isa = PBXFileReference; explicitFileType = wrapper.application; includeInIndex = 0; path = GridOfGreedWS.app; sourceTree = BUILT_PRODUCTS_DIR; };
		5422326D2C8DC35A006EA678 /* GridOfGreedWSApp.swift */ = {isa = PBXFileReference; lastKnownFileType = sourcecode.swift; path = GridOfGreedWSApp.swift; sourceTree = "<group>"; };
		5422326F2C8DC35A006EA678 /* ContentView.swift */ = {isa = PBXFileReference; lastKnownFileType = sourcecode.swift; path = ContentView.swift; sourceTree = "<group>"; };
		542232712C8DC35B006EA678 /* Assets.xcassets */ = {isa = PBXFileReference; lastKnownFileType = folder.assetcatalog; path = Assets.xcassets; sourceTree = "<group>"; };
		542232742C8DC35B006EA678 /* Preview Assets.xcassets */ = {isa = PBXFileReference; lastKnownFileType = folder.assetcatalog; path = "Preview Assets.xcassets"; sourceTree = "<group>"; };
		54C905602C8F02EC001920C2 /* NavigationBarTextView.swift */ = {isa = PBXFileReference; lastKnownFileType = sourcecode.swift; path = NavigationBarTextView.swift; sourceTree = "<group>"; };
		54C905632C8F2321001920C2 /* WebSocketManager.swift */ = {isa = PBXFileReference; lastKnownFileType = sourcecode.swift; path = WebSocketManager.swift; sourceTree = "<group>"; };
		54C905652C9061A3001920C2 /* Tabs.swift */ = {isa = PBXFileReference; lastKnownFileType = sourcecode.swift; path = Tabs.swift; sourceTree = "<group>"; };
		54C905682C906284001920C2 /* TabView.swift */ = {isa = PBXFileReference; lastKnownFileType = sourcecode.swift; path = TabView.swift; sourceTree = "<group>"; };
/* End PBXFileReference section */

/* Begin PBXFrameworksBuildPhase section */
		542232672C8DC35A006EA678 /* Frameworks */ = {
			isa = PBXFrameworksBuildPhase;
			buildActionMask = 2147483647;
			files = (
			);
			runOnlyForDeploymentPostprocessing = 0;
		};
/* End PBXFrameworksBuildPhase section */

/* Begin PBXGroup section */
		542232612C8DC35A006EA678 = {
			isa = PBXGroup;
			children = (
				5422326C2C8DC35A006EA678 /* GridOfGreedWS */,
				5422326B2C8DC35A006EA678 /* Products */,
			);
			sourceTree = "<group>";
		};
		5422326B2C8DC35A006EA678 /* Products */ = {
			isa = PBXGroup;
			children = (
				5422326A2C8DC35A006EA678 /* GridOfGreedWS.app */,
			);
			name = Products;
			sourceTree = "<group>";
		};
		5422326C2C8DC35A006EA678 /* GridOfGreedWS */ = {
			isa = PBXGroup;
			children = (
				54C905672C906274001920C2 /* Tab */,
				54C905622C8F2302001920C2 /* Manager */,
				5422326D2C8DC35A006EA678 /* GridOfGreedWSApp.swift */,
				5422326F2C8DC35A006EA678 /* ContentView.swift */,
				54C905602C8F02EC001920C2 /* NavigationBarTextView.swift */,
				542232712C8DC35B006EA678 /* Assets.xcassets */,
				542232732C8DC35B006EA678 /* Preview Content */,
			);
			path = GridOfGreedWS;
			sourceTree = "<group>";
		};
		542232732C8DC35B006EA678 /* Preview Content */ = {
			isa = PBXGroup;
			children = (
				542232742C8DC35B006EA678 /* Preview Assets.xcassets */,
			);
			path = "Preview Content";
			sourceTree = "<group>";
		};
		54C905622C8F2302001920C2 /* Manager */ = {
			isa = PBXGroup;
			children = (
				54C905632C8F2321001920C2 /* WebSocketManager.swift */,
			);
			path = Manager;
			sourceTree = "<group>";
		};
		54C905672C906274001920C2 /* Tab */ = {
			isa = PBXGroup;
			children = (
				54C905652C9061A3001920C2 /* Tabs.swift */,
				54C905682C906284001920C2 /* TabView.swift */,
			);
			path = Tab;
			sourceTree = "<group>";
		};
/* End PBXGroup section */

/* Begin PBXNativeTarget section */
		542232692C8DC35A006EA678 /* GridOfGreedWS */ = {
			isa = PBXNativeTarget;
			buildConfigurationList = 542232782C8DC35B006EA678 /* Build configuration list for PBXNativeTarget "GridOfGreedWS" */;
			buildPhases = (
				542232662C8DC35A006EA678 /* Sources */,
				542232672C8DC35A006EA678 /* Frameworks */,
				542232682C8DC35A006EA678 /* Resources */,
			);
			buildRules = (
			);
			dependencies = (
			);
			name = GridOfGreedWS;
			productName = GridOfGreedWS;
			productReference = 5422326A2C8DC35A006EA678 /* GridOfGreedWS.app */;
			productType = "com.apple.product-type.application";
		};
/* End PBXNativeTarget section */

/* Begin PBXProject section */
		542232622C8DC35A006EA678 /* Project object */ = {
			isa = PBXProject;
			attributes = {
				BuildIndependentTargetsInParallel = 1;
				LastSwiftUpdateCheck = 1540;
				LastUpgradeCheck = 1540;
				TargetAttributes = {
					542232692C8DC35A006EA678 = {
						CreatedOnToolsVersion = 15.4;
					};
				};
			};
			buildConfigurationList = 542232652C8DC35A006EA678 /* Build configuration list for PBXProject "GridOfGreedWS" */;
			compatibilityVersion = "Xcode 14.0";
			developmentRegion = en;
			hasScannedForEncodings = 0;
			knownRegions = (
				en,
				Base,
			);
			mainGroup = 542232612C8DC35A006EA678;
			productRefGroup = 5422326B2C8DC35A006EA678 /* Products */;
			projectDirPath = "";
			projectRoot = "";
			targets = (
				542232692C8DC35A006EA678 /* GridOfGreedWS */,
			);
		};
/* End PBXProject section */

/* Begin PBXResourcesBuildPhase section */
		542232682C8DC35A006EA678 /* Resources */ = {
			isa = PBXResourcesBuildPhase;
			buildActionMask = 2147483647;
			files = (
				542232752C8DC35B006EA678 /* Preview Assets.xcassets in Resources */,
				542232722C8DC35B006EA678 /* Assets.xcassets in Resources */,
			);
			runOnlyForDeploymentPostprocessing = 0;
		};
/* End PBXResourcesBuildPhase section */

/* Begin PBXSourcesBuildPhase section */
		542232662C8DC35A006EA678 /* Sources */ = {
			isa = PBXSourcesBuildPhase;
			buildActionMask = 2147483647;
			files = (
				542232702C8DC35A006EA678 /* ContentView.swift in Sources */,
				5422326E2C8DC35A006EA678 /* GridOfGreedWSApp.swift in Sources */,
				54C905612C8F02EC001920C2 /* NavigationBarTextView.swift in Sources */,
				54C905662C9061A3001920C2 /* Tabs.swift in Sources */,
				54C905692C906284001920C2 /* TabView.swift in Sources */,
				54C905642C8F2321001920C2 /* WebSocketManager.swift in Sources */,
			);
			runOnlyForDeploymentPostprocessing = 0;
		};
/* End PBXSourcesBuildPhase section */

/* Begin XCBuildConfiguration section */
		542232762C8DC35B006EA678 /* Debug */ = {
			isa = XCBuildConfiguration;
			buildSettings = {
				ALWAYS_SEARCH_USER_PATHS = NO;
				ASSETCATALOG_COMPILER_GENERATE_SWIFT_ASSET_SYMBOL_EXTENSIONS = YES;
				CLANG_ANALYZER_NONNULL = YES;
				CLANG_ANALYZER_NUMBER_OBJECT_CONVERSION = YES_AGGRESSIVE;
				CLANG_CXX_LANGUAGE_STANDARD = "gnu++20";
				CLANG_ENABLE_MODULES = YES;
				CLANG_ENABLE_OBJC_ARC = YES;
				CLANG_ENABLE_OBJC_WEAK = YES;
				CLANG_WARN_BLOCK_CAPTURE_AUTORELEASING = YES;
				CLANG_WARN_BOOL_CONVERSION = YES;
				CLANG_WARN_COMMA = YES;
				CLANG_WARN_CONSTANT_CONVERSION = YES;
				CLANG_WARN_DEPRECATED_OBJC_IMPLEMENTATIONS = YES;
				CLANG_WARN_DIRECT_OBJC_ISA_USAGE = YES_ERROR;
				CLANG_WARN_DOCUMENTATION_COMMENTS = YES;
				CLANG_WARN_EMPTY_BODY = YES;
				CLANG_WARN_ENUM_CONVERSION = YES;
				CLANG_WARN_INFINITE_RECURSION = YES;
				CLANG_WARN_INT_CONVERSION = YES;
				CLANG_WARN_NON_LITERAL_NULL_CONVERSION = YES;
				CLANG_WARN_OBJC_IMPLICIT_RETAIN_SELF = YES;
				CLANG_WARN_OBJC_LITERAL_CONVERSION = YES;
				CLANG_WARN_OBJC_ROOT_CLASS = YES_ERROR;
				CLANG_WARN_QUOTED_INCLUDE_IN_FRAMEWORK_HEADER = YES;
				CLANG_WARN_RANGE_LOOP_ANALYSIS = YES;
				CLANG_WARN_STRICT_PROTOTYPES = YES;
				CLANG_WARN_SUSPICIOUS_MOVE = YES;
				CLANG_WARN_UNGUARDED_AVAILABILITY = YES_AGGRESSIVE;
				CLANG_WARN_UNREACHABLE_CODE = YES;
				CLANG_WARN__DUPLICATE_METHOD_MATCH = YES;
				COPY_PHASE_STRIP = NO;
				DEBUG_INFORMATION_FORMAT = dwarf;
				ENABLE_STRICT_OBJC_MSGSEND = YES;
				ENABLE_TESTABILITY = YES;
				ENABLE_USER_SCRIPT_SANDBOXING = YES;
				GCC_C_LANGUAGE_STANDARD = gnu17;
				GCC_DYNAMIC_NO_PIC = NO;
				GCC_NO_COMMON_BLOCKS = YES;
				GCC_OPTIMIZATION_LEVEL = 0;
				GCC_PREPROCESSOR_DEFINITIONS = (
					"DEBUG=1",
					"$(inherited)",
				);
				GCC_WARN_64_TO_32_BIT_CONVERSION = YES;
				GCC_WARN_ABOUT_RETURN_TYPE = YES_ERROR;
				GCC_WARN_UNDECLARED_SELECTOR = YES;
				GCC_WARN_UNINITIALIZED_AUTOS = YES_AGGRESSIVE;
				GCC_WARN_UNUSED_FUNCTION = YES;
				GCC_WARN_UNUSED_VARIABLE = YES;
				IPHONEOS_DEPLOYMENT_TARGET = 17.5;
				LOCALIZATION_PREFERS_STRING_CATALOGS = YES;
				MTL_ENABLE_DEBUG_INFO = INCLUDE_SOURCE;
				MTL_FAST_MATH = YES;
				ONLY_ACTIVE_ARCH = YES;
				SDKROOT = iphoneos;
				SWIFT_ACTIVE_COMPILATION_CONDITIONS = "DEBUG $(inherited)";
				SWIFT_OPTIMIZATION_LEVEL = "-Onone";
			};
			name = Debug;
		};
		542232772C8DC35B006EA678 /* Release */ = {
			isa = XCBuildConfiguration;
			buildSettings = {
				ALWAYS_SEARCH_USER_PATHS = NO;
				ASSETCATALOG_COMPILER_GENERATE_SWIFT_ASSET_SYMBOL_EXTENSIONS = YES;
				CLANG_ANALYZER_NONNULL = YES;
				CLANG_ANALYZER_NUMBER_OBJECT_CONVERSION = YES_AGGRESSIVE;
				CLANG_CXX_LANGUAGE_STANDARD = "gnu++20";
				CLANG_ENABLE_MODULES = YES;
				CLANG_ENABLE_OBJC_ARC = YES;
				CLANG_ENABLE_OBJC_WEAK = YES;
				CLANG_WARN_BLOCK_CAPTURE_AUTORELEASING = YES;
				CLANG_WARN_BOOL_CONVERSION = YES;
				CLANG_WARN_COMMA = YES;
				CLANG_WARN_CONSTANT_CONVERSION = YES;
				CLANG_WARN_DEPRECATED_OBJC_IMPLEMENTATIONS = YES;
				CLANG_WARN_DIRECT_OBJC_ISA_USAGE = YES_ERROR;
				CLANG_WARN_DOCUMENTATION_COMMENTS = YES;
				CLANG_WARN_EMPTY_BODY = YES;
				CLANG_WARN_ENUM_CONVERSION = YES;
				CLANG_WARN_INFINITE_RECURSION = YES;
				CLANG_WARN_INT_CONVERSION = YES;
				CLANG_WARN_NON_LITERAL_NULL_CONVERSION = YES;
				CLANG_WARN_OBJC_IMPLICIT_RETAIN_SELF = YES;
				CLANG_WARN_OBJC_LITERAL_CONVERSION = YES;
				CLANG_WARN_OBJC_ROOT_CLASS = YES_ERROR;
				CLANG_WARN_QUOTED_INCLUDE_IN_FRAMEWORK_HEADER = YES;
				CLANG_WARN_RANGE_LOOP_ANALYSIS = YES;
				CLANG_WARN_STRICT_PROTOTYPES = YES;
				CLANG_WARN_SUSPICIOUS_MOVE = YES;
				CLANG_WARN_UNGUARDED_AVAILABILITY = YES_AGGRESSIVE;
				CLANG_WARN_UNREACHABLE_CODE = YES;
				CLANG_WARN__DUPLICATE_METHOD_MATCH = YES;
				COPY_PHASE_STRIP = NO;
				DEBUG_INFORMATION_FORMAT = "dwarf-with-dsym";
				ENABLE_NS_ASSERTIONS = NO;
				ENABLE_STRICT_OBJC_MSGSEND = YES;
				ENABLE_USER_SCRIPT_SANDBOXING = YES;
				GCC_C_LANGUAGE_STANDARD = gnu17;
				GCC_NO_COMMON_BLOCKS = YES;
				GCC_WARN_64_TO_32_BIT_CONVERSION = YES;
				GCC_WARN_ABOUT_RETURN_TYPE = YES_ERROR;
				GCC_WARN_UNDECLARED_SELECTOR = YES;
				GCC_WARN_UNINITIALIZED_AUTOS = YES_AGGRESSIVE;
				GCC_WARN_UNUSED_FUNCTION = YES;
				GCC_WARN_UNUSED_VARIABLE = YES;
				IPHONEOS_DEPLOYMENT_TARGET = 17.5;
				LOCALIZATION_PREFERS_STRING_CATALOGS = YES;
				MTL_ENABLE_DEBUG_INFO = NO;
				MTL_FAST_MATH = YES;
				SDKROOT = iphoneos;
				SWIFT_COMPILATION_MODE = wholemodule;
				VALIDATE_PRODUCT = YES;
			};
			name = Release;
		};
		542232792C8DC35B006EA678 /* Debug */ = {
			isa = XCBuildConfiguration;
			buildSettings = {
				ASSETCATALOG_COMPILER_APPICON_NAME = AppIcon;
				ASSETCATALOG_COMPILER_GLOBAL_ACCENT_COLOR_NAME = AccentColor;
				CODE_SIGN_STYLE = Automatic;
				CURRENT_PROJECT_VERSION = 1;
				DEVELOPMENT_ASSET_PATHS = "\"GridOfGreedWS/Preview Content\"";
				DEVELOPMENT_TEAM = 362GN5DA84;
				ENABLE_PREVIEWS = YES;
				GENERATE_INFOPLIST_FILE = YES;
				INFOPLIST_KEY_UIApplicationSceneManifest_Generation = YES;
				INFOPLIST_KEY_UIApplicationSupportsIndirectInputEvents = YES;
				INFOPLIST_KEY_UILaunchScreen_Generation = YES;
				INFOPLIST_KEY_UISupportedInterfaceOrientations_iPad = "UIInterfaceOrientationPortrait UIInterfaceOrientationPortraitUpsideDown UIInterfaceOrientationLandscapeLeft UIInterfaceOrientationLandscapeRight";
				INFOPLIST_KEY_UISupportedInterfaceOrientations_iPhone = "UIInterfaceOrientationPortrait UIInterfaceOrientationLandscapeLeft UIInterfaceOrientationLandscapeRight";
				LD_RUNPATH_SEARCH_PATHS = (
					"$(inherited)",
					"@executable_path/Frameworks",
				);
				MARKETING_VERSION = 1.0;
				PRODUCT_BUNDLE_IDENTIFIER = co.jannnn444.GridOfGreedWS;
				PRODUCT_NAME = "$(TARGET_NAME)";
				SWIFT_EMIT_LOC_STRINGS = YES;
				SWIFT_VERSION = 5.0;
				TARGETED_DEVICE_FAMILY = "1,2";
			};
			name = Debug;
		};
		5422327A2C8DC35B006EA678 /* Release */ = {
			isa = XCBuildConfiguration;
			buildSettings = {
				ASSETCATALOG_COMPILER_APPICON_NAME = AppIcon;
				ASSETCATALOG_COMPILER_GLOBAL_ACCENT_COLOR_NAME = AccentColor;
				CODE_SIGN_STYLE = Automatic;
				CURRENT_PROJECT_VERSION = 1;
				DEVELOPMENT_ASSET_PATHS = "\"GridOfGreedWS/Preview Content\"";
				DEVELOPMENT_TEAM = 362GN5DA84;
				ENABLE_PREVIEWS = YES;
				GENERATE_INFOPLIST_FILE = YES;
				INFOPLIST_KEY_UIApplicationSceneManifest_Generation = YES;
				INFOPLIST_KEY_UIApplicationSupportsIndirectInputEvents = YES;
				INFOPLIST_KEY_UILaunchScreen_Generation = YES;
				INFOPLIST_KEY_UISupportedInterfaceOrientations_iPad = "UIInterfaceOrientationPortrait UIInterfaceOrientationPortraitUpsideDown UIInterfaceOrientationLandscapeLeft UIInterfaceOrientationLandscapeRight";
				INFOPLIST_KEY_UISupportedInterfaceOrientations_iPhone = "UIInterfaceOrientationPortrait UIInterfaceOrientationLandscapeLeft UIInterfaceOrientationLandscapeRight";
				LD_RUNPATH_SEARCH_PATHS = (
					"$(inherited)",
					"@executable_path/Frameworks",
				);
				MARKETING_VERSION = 1.0;
				PRODUCT_BUNDLE_IDENTIFIER = co.jannnn444.GridOfGreedWS;
				PRODUCT_NAME = "$(TARGET_NAME)";
				SWIFT_EMIT_LOC_STRINGS = YES;
				SWIFT_VERSION = 5.0;
				TARGETED_DEVICE_FAMILY = "1,2";
			};
			name = Release;
		};
/* End XCBuildConfiguration section */

/* Begin XCConfigurationList section */
		542232652C8DC35A006EA678 /* Build configuration list for PBXProject "GridOfGreedWS" */ = {
			isa = XCConfigurationList;
			buildConfigurations = (
				542232762C8DC35B006EA678 /* Debug */,
				542232772C8DC35B006EA678 /* Release */,
			);
			defaultConfigurationIsVisible = 0;
			defaultConfigurationName = Release;
		};
		542232782C8DC35B006EA678 /* Build configuration list for PBXNativeTarget "GridOfGreedWS" */ = {
			isa = XCConfigurationList;
			buildConfigurations = (
				542232792C8DC35B006EA678 /* Debug */,
				5422327A2C8DC35B006EA678 /* Release */,
			);
			defaultConfigurationIsVisible = 0;
			defaultConfigurationName = Release;
		};
/* End XCConfigurationList section */
	};
	rootObject = 542232622C8DC35A006EA678 /* Project object */;
}
